<?xml version="1.0" encoding="utf-8"?>
<Project ToolsVersion="4.0" xmlns="http://schemas.microsoft.com/developer/msbuild/2003">
  <ItemGroup>
    <Filter Include="Classes">
      <UniqueIdentifier>{4FC737F1-C7A5-4376-A066-2A32D752A2FF}</UniqueIdentifier>
      <Extensions>cpp;c;cc;cxx;def;odl;idl;hpj;bat;asm;asmx</Extensions>
    </Filter>
    <Filter Include="win32">
      <UniqueIdentifier>{93995380-89BD-4b04-88EB-625FBE52EBFB}</UniqueIdentifier>
      <Extensions>h;hpp;hxx;hm;inl;inc;xsd</Extensions>
    </Filter>
    <Filter Include="Classes\Scenes">
      <UniqueIdentifier>{a279ef03-9648-4116-86d4-35f518e0893d}</UniqueIdentifier>
    </Filter>
    <Filter Include="Classes\Core">
      <UniqueIdentifier>{194f8a3b-de92-4047-80ce-35a36b9eca85}</UniqueIdentifier>
    </Filter>
  </ItemGroup>
  <ItemGroup>
    <ClCompile Include="..\Classes\AppDelegate.cpp">
      <Filter>Classes</Filter>
    </ClCompile>
    <ClCompile Include="main.cpp">
      <Filter>win32</Filter>
    </ClCompile>
    <ClCompile Include="..\Classes\GameGui.cpp">
      <Filter>Classes</Filter>
    </ClCompile>
    <ClCompile Include="..\Classes\stdafx.cpp">
      <Filter>Classes</Filter>
    </ClCompile>
    <ClCompile Include="..\Classes\BulletStormScene.cpp">
      <Filter>Classes\Scenes</Filter>
    </ClCompile>
    <ClCompile Include="..\Classes\AppStartScene.cpp">
      <Filter>Classes\Scenes</Filter>
    </ClCompile>
    <ClCompile Include="..\Classes\Scenes\TownScene.cpp">
      <Filter>Classes\Scenes</Filter>
    </ClCompile>
    <ClCompile Include="..\Classes\Core\BtGuiUtil.cpp">
      <Filter>Classes\Core</Filter>
    </ClCompile>
  </ItemGroup>
  <ItemGroup>
    <ClInclude Include="..\Classes\AppDelegate.h">
      <Filter>Classes</Filter>
    </ClInclude>
    <ClInclude Include="main.h">
      <Filter>win32</Filter>
    </ClInclude>
    <ClInclude Include="..\Classes\AppMacros.h">
      <Filter>Classes</Filter>
    </ClInclude>
    <ClInclude Include="..\Classes\GameGui.h">
      <Filter>Classes</Filter>
    </ClInclude>
    <ClInclude Include="..\Classes\GameGuiDef.h">
      <Filter>Classes</Filter>
    </ClInclude>
    <ClInclude Include="..\Classes\stdafx.h">
      <Filter>Classes</Filter>
    </ClInclude>
    <ClInclude Include="..\Classes\BulletStormScene.h">
      <Filter>Classes\Scenes</Filter>
    </ClInclude>
    <ClInclude Include="..\Classes\AppStartScene.h">
      <Filter>Classes\Scenes</Filter>
    </ClInclude>
    <ClInclude Include="..\Classes\Scenes\TownScene.h">
      <Filter>Classes\Scenes</Filter>
    </ClInclude>
    <ClInclude Include="..\Classes\Core\BtGuiUtil.h">
      <Filter>Classes\Core</Filter>
    </ClInclude>
    <ClInclude Include="..\Classes\Core\BtGuiDef.h">
      <Filter>Classes\Core</Filter>
    </ClInclude>
    <ClInclude Include="..\Classes\Core\BtCoreDef.h">
      <Filter>Classes\Core</Filter>
    </ClInclude>
  </ItemGroup>
</Project>